
Microsoft Visual Studio Solution File, Format Version 12.00
# Visual Studio 2017
Project("{FAE04EC0-301F-11D3-BF4B-00C04F79EFBC}") = "GameLOL", "GameLOL.csproj", "{CA6A63FA-0E54-08B4-6E5A-551D04EB4812}"
EndProject
Project("{FAE04EC0-301F-11D3-BF4B-00C04F79EFBC}") = "GameLOL.Editor", "GameLOL.Editor.csproj", "{739211FC-1F31-7FFF-E9B9-CE7FBF044B22}"
EndProject
Global
	GlobalSection(SolutionConfigurationPlatforms) = preSolution
		Debug|Any CPU = Debug|Any CPU
		Release|Any CPU = Release|Any CPU
	EndGlobalSection
	GlobalSection(ProjectConfigurationPlatforms) = postSolution
		{CA6A63FA-0E54-08B4-6E5A-551D04EB4812}.Debug|Any CPU.ActiveCfg = Debug|Any CPU
		{CA6A63FA-0E54-08B4-6E5A-551D04EB4812}.Debug|Any CPU.Build.0 = Debug|Any CPU
		{CA6A63FA-0E54-08B4-6E5A-551D04EB4812}.Release|Any CPU.ActiveCfg = Release|Any CPU
		{CA6A63FA-0E54-08B4-6E5A-551D04EB4812}.Release|Any CPU.Build.0 = Release|Any CPU
		{739211FC-1F31-7FFF-E9B9-CE7FBF044B22}.Debug|Any CPU.ActiveCfg = Debug|Any CPU
		{739211FC-1F31-7FFF-E9B9-CE7FBF044B22}.Debug|Any CPU.Build.0 = Debug|Any CPU
		{739211FC-1F31-7FFF-E9B9-CE7FBF044B22}.Release|Any CPU.ActiveCfg = Release|Any CPU
		{739211FC-1F31-7FFF-E9B9-CE7FBF044B22}.Release|Any CPU.Build.0 = Release|Any CPU
	EndGlobalSection
	GlobalSection(SolutionProperties) = preSolution
		HideSolutionNode = FALSE
	EndGlobalSection
EndGlobal
