
Microsoft Visual Studio Solution File, Format Version 11.00
# Visual Studio 2010
Project("{FAE04EC0-301F-11D3-BF4B-00C04F79EFBC}") = "GameLOL", "Assembly-CSharp.csproj", "{059E5880-58BA-C874-EECD-6D2BF617FAB6}"
EndProject
Project("{FAE04EC0-301F-11D3-BF4B-00C04F79EFBC}") = "GameLOL", "Assembly-CSharp-Editor.csproj", "{EA092A12-45FC-DBBE-259A-7F2C976D9D1D}"
EndProject
Global
	GlobalSection(SolutionConfigurationPlatforms) = preSolution
		Debug|Any CPU = Debug|Any CPU
		Release|Any CPU = Release|Any CPU
	EndGlobalSection
	GlobalSection(ProjectConfigurationPlatforms) = postSolution
		{059E5880-58BA-C874-EECD-6D2BF617FAB6}.Debug|Any CPU.ActiveCfg = Debug|Any CPU
		{059E5880-58BA-C874-EECD-6D2BF617FAB6}.Debug|Any CPU.Build.0 = Debug|Any CPU
		{059E5880-58BA-C874-EECD-6D2BF617FAB6}.Release|Any CPU.ActiveCfg = Release|Any CPU
		{059E5880-58BA-C874-EECD-6D2BF617FAB6}.Release|Any CPU.Build.0 = Release|Any CPU
		{EA092A12-45FC-DBBE-259A-7F2C976D9D1D}.Debug|Any CPU.ActiveCfg = Debug|Any CPU
		{EA092A12-45FC-DBBE-259A-7F2C976D9D1D}.Debug|Any CPU.Build.0 = Debug|Any CPU
		{EA092A12-45FC-DBBE-259A-7F2C976D9D1D}.Release|Any CPU.ActiveCfg = Release|Any CPU
		{EA092A12-45FC-DBBE-259A-7F2C976D9D1D}.Release|Any CPU.Build.0 = Release|Any CPU
	EndGlobalSection
	GlobalSection(SolutionProperties) = preSolution
		HideSolutionNode = FALSE
	EndGlobalSection
	GlobalSection(MonoDevelopProperties) = preSolution
		StartupItem = Assembly-CSharp.csproj
	EndGlobalSection
EndGlobal
